
Microsoft Visual Studio Solution File, Format Version 12.00
# Visual Studio Version 17
VisualStudioVersion = 17.11.35219.272
MinimumVisualStudioVersion = 10.0.40219.1
Project("{F184B08F-C81C-45F6-A57F-5ABD9991F28F}") = "Test123", "Test123\Test123.vbproj", "{466081E4-C7D4-4CC7-84D0-5F01FCE05915}"
EndProject
Global
	GlobalSection(SolutionConfigurationPlatforms) = preSolution
		Debug|Any CPU = Debug|Any CPU
		Release|Any CPU = Release|Any CPU
	EndGlobalSection
	GlobalSection(ProjectConfigurationPlatforms) = postSolution
		{466081E4-C7D4-4CC7-84D0-5F01FCE05915}.Debug|Any CPU.ActiveCfg = Debug|Any CPU
		{466081E4-C7D4-4CC7-84D0-5F01FCE05915}.Debug|Any CPU.Build.0 = Debug|Any CPU
		{466081E4-C7D4-4CC7-84D0-5F01FCE05915}.Release|Any CPU.ActiveCfg = Release|Any CPU
		{466081E4-C7D4-4CC7-84D0-5F01FCE05915}.Release|Any CPU.Build.0 = Release|Any CPU
	EndGlobalSection
	GlobalSection(SolutionProperties) = preSolution
		HideSolutionNode = FALSE
	EndGlobalSection
	GlobalSection(ExtensibilityGlobals) = postSolution
		SolutionGuid = {A57AB62F-54E4-47D7-85F6-C702D447DFF5}
	EndGlobalSection
EndGlobal
